
Microsoft Visual Studio Solution File, Format Version 12.00
# Visual Studio Version 17
VisualStudioVersion = 17.14.36518.9
MinimumVisualStudioVersion = 10.0.40219.1
Project("{8BC9CEB8-8B4A-11D0-8D11-00A0C91BC942}") = "Code", "Code\Code.vcxproj", "{07C06A9B-3CBC-4D64-91BA-FD803FF65BEE}"
EndProject
Global
	GlobalSection(SolutionConfigurationPlatforms) = preSolution
		Debug|x64 = Debug|x64
		Debug|x86 = Debug|x86
		Release|x64 = Release|x64
		Release|x86 = Release|x86
	EndGlobalSection
	GlobalSection(ProjectConfigurationPlatforms) = postSolution
		{07C06A9B-3CBC-4D64-91BA-FD803FF65BEE}.Debug|x64.ActiveCfg = Debug|x64
		{07C06A9B-3CBC-4D64-91BA-FD803FF65BEE}.Debug|x64.Build.0 = Debug|x64
		{07C06A9B-3CBC-4D64-91BA-FD803FF65BEE}.Debug|x86.ActiveCfg = Debug|Win32
		{07C06A9B-3CBC-4D64-91BA-FD803FF65BEE}.Debug|x86.Build.0 = Debug|Win32
		{07C06A9B-3CBC-4D64-91BA-FD803FF65BEE}.Release|x64.ActiveCfg = Release|x64
		{07C06A9B-3CBC-4D64-91BA-FD803FF65BEE}.Release|x64.Build.0 = Release|x64
		{07C06A9B-3CBC-4D64-91BA-FD803FF65BEE}.Release|x86.ActiveCfg = Release|Win32
		{07C06A9B-3CBC-4D64-91BA-FD803FF65BEE}.Release|x86.Build.0 = Release|Win32
	EndGlobalSection
	GlobalSection(SolutionProperties) = preSolution
		HideSolutionNode = FALSE
	EndGlobalSection
	GlobalSection(ExtensibilityGlobals) = postSolution
		SolutionGuid = {6DD124EB-73D5-47DA-8292-88730AD3FC48}
	EndGlobalSection
EndGlobal
